{
  "object": {
    "pins": [
      {
        "package": "Geometry",
        "repositoryURL": "https://github.com/mrwerdo/Geometry",
        "state": {
          "branch": null,
          "revision": "dbe9f6ff77821beb29e746071d81feed084da540",
          "version": "1.2.4"
        }
      },
      {
        "package": "SwiftCLI",
        "repositoryURL": "https://github.com/jakeheis/SwiftCLI",
        "state": {
          "branch": null,
          "revision": "4aef26a3edfefd46bdf71140251ec612bc685211",
          "version": "4.3.2"
        }
      }
    ]
  },
  "version": 1
}
